
Microsoft Visual Studio Solution File, Format Version 12.00
# Visual Studio Version 16
VisualStudioVersion = 16.0.30114.105
MinimumVisualStudioVersion = 10.0.40219.1
Project("{FAE04EC0-301F-11D3-BF4B-00C04F79EFBC}") = "ExternalSorting.Cli", "ExternalSorting.Cli\ExternalSorting.Cli.csproj", "{2018F6B7-8E6E-435C-AAB5-71C846934541}"
EndProject
Project("{FAE04EC0-301F-11D3-BF4B-00C04F79EFBC}") = "ExternalSorting.Core", "ExternalSorting.Core\ExternalSorting.Core.csproj", "{47844B1C-730A-45FB-B2B0-76187CDC65A1}"
EndProject
Global
	GlobalSection(SolutionConfigurationPlatforms) = preSolution
		Debug|Any CPU = Debug|Any CPU
		Debug|x64 = Debug|x64
		Debug|x86 = Debug|x86
		Release|Any CPU = Release|Any CPU
		Release|x64 = Release|x64
		Release|x86 = Release|x86
	EndGlobalSection
	GlobalSection(SolutionProperties) = preSolution
		HideSolutionNode = FALSE
	EndGlobalSection
	GlobalSection(ProjectConfigurationPlatforms) = postSolution
		{2018F6B7-8E6E-435C-AAB5-71C846934541}.Debug|Any CPU.ActiveCfg = Debug|Any CPU
		{2018F6B7-8E6E-435C-AAB5-71C846934541}.Debug|Any CPU.Build.0 = Debug|Any CPU
		{2018F6B7-8E6E-435C-AAB5-71C846934541}.Debug|x64.ActiveCfg = Debug|Any CPU
		{2018F6B7-8E6E-435C-AAB5-71C846934541}.Debug|x64.Build.0 = Debug|Any CPU
		{2018F6B7-8E6E-435C-AAB5-71C846934541}.Debug|x86.ActiveCfg = Debug|Any CPU
		{2018F6B7-8E6E-435C-AAB5-71C846934541}.Debug|x86.Build.0 = Debug|Any CPU
		{2018F6B7-8E6E-435C-AAB5-71C846934541}.Release|Any CPU.ActiveCfg = Release|Any CPU
		{2018F6B7-8E6E-435C-AAB5-71C846934541}.Release|Any CPU.Build.0 = Release|Any CPU
		{2018F6B7-8E6E-435C-AAB5-71C846934541}.Release|x64.ActiveCfg = Release|Any CPU
		{2018F6B7-8E6E-435C-AAB5-71C846934541}.Release|x64.Build.0 = Release|Any CPU
		{2018F6B7-8E6E-435C-AAB5-71C846934541}.Release|x86.ActiveCfg = Release|Any CPU
		{2018F6B7-8E6E-435C-AAB5-71C846934541}.Release|x86.Build.0 = Release|Any CPU
		{47844B1C-730A-45FB-B2B0-76187CDC65A1}.Debug|Any CPU.ActiveCfg = Debug|Any CPU
		{47844B1C-730A-45FB-B2B0-76187CDC65A1}.Debug|Any CPU.Build.0 = Debug|Any CPU
		{47844B1C-730A-45FB-B2B0-76187CDC65A1}.Debug|x64.ActiveCfg = Debug|Any CPU
		{47844B1C-730A-45FB-B2B0-76187CDC65A1}.Debug|x64.Build.0 = Debug|Any CPU
		{47844B1C-730A-45FB-B2B0-76187CDC65A1}.Debug|x86.ActiveCfg = Debug|Any CPU
		{47844B1C-730A-45FB-B2B0-76187CDC65A1}.Debug|x86.Build.0 = Debug|Any CPU
		{47844B1C-730A-45FB-B2B0-76187CDC65A1}.Release|Any CPU.ActiveCfg = Release|Any CPU
		{47844B1C-730A-45FB-B2B0-76187CDC65A1}.Release|Any CPU.Build.0 = Release|Any CPU
		{47844B1C-730A-45FB-B2B0-76187CDC65A1}.Release|x64.ActiveCfg = Release|Any CPU
		{47844B1C-730A-45FB-B2B0-76187CDC65A1}.Release|x64.Build.0 = Release|Any CPU
		{47844B1C-730A-45FB-B2B0-76187CDC65A1}.Release|x86.ActiveCfg = Release|Any CPU
		{47844B1C-730A-45FB-B2B0-76187CDC65A1}.Release|x86.Build.0 = Release|Any CPU
	EndGlobalSection
EndGlobal
